
Microsoft Visual Studio Solution File, Format Version 12.00
# Visual Studio Version 17
VisualStudioVersion = 17.7.34009.444
MinimumVisualStudioVersion = 10.0.40219.1
Project("{FAE04EC0-301F-11D3-BF4B-00C04F79EFBC}") = "JotterFinal", "JotterFinal\JotterFinal.csproj", "{6B8E95CF-C022-445C-9D94-97AB78D40553}"
EndProject
Global
	GlobalSection(SolutionConfigurationPlatforms) = preSolution
		Debug|Any CPU = Debug|Any CPU
		Release|Any CPU = Release|Any CPU
	EndGlobalSection
	GlobalSection(ProjectConfigurationPlatforms) = postSolution
		{6B8E95CF-C022-445C-9D94-97AB78D40553}.Debug|Any CPU.ActiveCfg = Debug|Any CPU
		{6B8E95CF-C022-445C-9D94-97AB78D40553}.Debug|Any CPU.Build.0 = Debug|Any CPU
		{6B8E95CF-C022-445C-9D94-97AB78D40553}.Release|Any CPU.ActiveCfg = Release|Any CPU
		{6B8E95CF-C022-445C-9D94-97AB78D40553}.Release|Any CPU.Build.0 = Release|Any CPU
	EndGlobalSection
	GlobalSection(SolutionProperties) = preSolution
		HideSolutionNode = FALSE
	EndGlobalSection
	GlobalSection(ExtensibilityGlobals) = postSolution
		SolutionGuid = {847EDE95-5005-47C9-951F-083A6EC89D60}
	EndGlobalSection
EndGlobal
